// !$*UTF8*$!
{
	archiveVersion = 1;
	classes = {
	};
	objectVersion = 50;
	objects = {

/* Begin PBXBuildFile section */
		F2A15737246D88BC0014E03D /* AppDelegate.swift in Sources */ = {isa = PBXBuildFile; fileRef = F2A15736246D88BC0014E03D /* AppDelegate.swift */; };
		F2A15739246D88BC0014E03D /* SceneDelegate.swift in Sources */ = {isa = PBXBuildFile; fileRef = F2A15738246D88BC0014E03D /* SceneDelegate.swift */; };
		F2A1573B246D88BC0014E03D /* ViewController.swift in Sources */ = {isa = PBXBuildFile; fileRef = F2A1573A246D88BC0014E03D /* ViewController.swift */; };
		F2A1573E246D88BC0014E03D /* Main.storyboard in Resources */ = {isa = PBXBuildFile; fileRef = F2A1573C246D88BC0014E03D /* Main.storyboard */; };
		F2A15740246D88BE0014E03D /* Assets.xcassets in Resources */ = {isa = PBXBuildFile; fileRef = F2A1573F246D88BE0014E03D /* Assets.xcassets */; };
		F2A15743246D88BE0014E03D /* LaunchScreen.storyboard in Resources */ = {isa = PBXBuildFile; fileRef = F2A15741246D88BE0014E03D /* LaunchScreen.storyboard */; };
		F2A1574E246D88BE0014E03D /* WeatherTests.swift in Sources */ = {isa = PBXBuildFile; fileRef = F2A1574D246D88BE0014E03D /* WeatherTests.swift */; };
		F2BF0A42246FD98A0055380C /* WeatherAPIService.swift in Sources */ = {isa = PBXBuildFile; fileRef = F2BF0A41246FD98A0055380C /* WeatherAPIService.swift */; };
		F2BF0A45246FDBD80055380C /* CurrentWeatherData.swift in Sources */ = {isa = PBXBuildFile; fileRef = F2BF0A44246FDBD80055380C /* CurrentWeatherData.swift */; };
		F2BF0A48246FDDAC0055380C /* ResponseHelper.swift in Sources */ = {isa = PBXBuildFile; fileRef = F2BF0A47246FDDAC0055380C /* ResponseHelper.swift */; };
		F2BF0A4A246FE0F20055380C /* WeatherError.swift in Sources */ = {isa = PBXBuildFile; fileRef = F2BF0A49246FE0F20055380C /* WeatherError.swift */; };
		F2BF0A4C246FE2260055380C /* APIResponseError.swift in Sources */ = {isa = PBXBuildFile; fileRef = F2BF0A4B246FE2260055380C /* APIResponseError.swift */; };
		F2BF0A4E246FF0A70055380C /* DayForecastData.swift in Sources */ = {isa = PBXBuildFile; fileRef = F2BF0A4D246FF0A70055380C /* DayForecastData.swift */; };
		F2DC8EA0246DAE0C00F6C9B3 /* APIService.swift in Sources */ = {isa = PBXBuildFile; fileRef = F2DC8E9F246DAE0C00F6C9B3 /* APIService.swift */; };
		F2DC8EA2246DB76400F6C9B3 /* APIRoutes.swift in Sources */ = {isa = PBXBuildFile; fileRef = F2DC8EA1246DB76400F6C9B3 /* APIRoutes.swift */; };
		F2DC8EA5246DBDED00F6C9B3 /* MockURLSession.swift in Sources */ = {isa = PBXBuildFile; fileRef = F2DC8EA4246DBDED00F6C9B3 /* MockURLSession.swift */; };
		F2DC8EA7246DC67800F6C9B3 /* MockURLSessionDataTask.swift in Sources */ = {isa = PBXBuildFile; fileRef = F2DC8EA6246DC67800F6C9B3 /* MockURLSessionDataTask.swift */; };
/* End PBXBuildFile section */

/* Begin PBXContainerItemProxy section */
		F2A1574A246D88BE0014E03D /* PBXContainerItemProxy */ = {
			isa = PBXContainerItemProxy;
			containerPortal = F2A1572B246D88BC0014E03D /* Project object */;
			proxyType = 1;
			remoteGlobalIDString = F2A15732246D88BC0014E03D;
			remoteInfo = Weather;
		};
/* End PBXContainerItemProxy section */

/* Begin PBXFileReference section */
		F2A15733246D88BC0014E03D /* Weather.app */ = {isa = PBXFileReference; explicitFileType = wrapper.application; includeInIndex = 0; path = Weather.app; sourceTree = BUILT_PRODUCTS_DIR; };
		F2A15736246D88BC0014E03D /* AppDelegate.swift */ = {isa = PBXFileReference; lastKnownFileType = sourcecode.swift; path = AppDelegate.swift; sourceTree = "<group>"; };
		F2A15738246D88BC0014E03D /* SceneDelegate.swift */ = {isa = PBXFileReference; lastKnownFileType = sourcecode.swift; path = SceneDelegate.swift; sourceTree = "<group>"; };
		F2A1573A246D88BC0014E03D /* ViewController.swift */ = {isa = PBXFileReference; lastKnownFileType = sourcecode.swift; path = ViewController.swift; sourceTree = "<group>"; };
		F2A1573D246D88BC0014E03D /* Base */ = {isa = PBXFileReference; lastKnownFileType = file.storyboard; name = Base; path = Base.lproj/Main.storyboard; sourceTree = "<group>"; };
		F2A1573F246D88BE0014E03D /* Assets.xcassets */ = {isa = PBXFileReference; lastKnownFileType = folder.assetcatalog; path = Assets.xcassets; sourceTree = "<group>"; };
		F2A15742246D88BE0014E03D /* Base */ = {isa = PBXFileReference; lastKnownFileType = file.storyboard; name = Base; path = Base.lproj/LaunchScreen.storyboard; sourceTree = "<group>"; };
		F2A15744246D88BE0014E03D /* Info.plist */ = {isa = PBXFileReference; lastKnownFileType = text.plist.xml; path = Info.plist; sourceTree = "<group>"; };
		F2A15749246D88BE0014E03D /* WeatherTests.xctest */ = {isa = PBXFileReference; explicitFileType = wrapper.cfbundle; includeInIndex = 0; path = WeatherTests.xctest; sourceTree = BUILT_PRODUCTS_DIR; };
		F2A1574D246D88BE0014E03D /* WeatherTests.swift */ = {isa = PBXFileReference; lastKnownFileType = sourcecode.swift; path = WeatherTests.swift; sourceTree = "<group>"; };
		F2A1574F246D88BE0014E03D /* Info.plist */ = {isa = PBXFileReference; lastKnownFileType = text.plist.xml; path = Info.plist; sourceTree = "<group>"; };
		F2BF0A41246FD98A0055380C /* WeatherAPIService.swift */ = {isa = PBXFileReference; lastKnownFileType = sourcecode.swift; path = WeatherAPIService.swift; sourceTree = "<group>"; };
		F2BF0A44246FDBD80055380C /* CurrentWeatherData.swift */ = {isa = PBXFileReference; lastKnownFileType = sourcecode.swift; path = CurrentWeatherData.swift; sourceTree = "<group>"; };
		F2BF0A47246FDDAC0055380C /* ResponseHelper.swift */ = {isa = PBXFileReference; lastKnownFileType = sourcecode.swift; path = ResponseHelper.swift; sourceTree = "<group>"; };
		F2BF0A49246FE0F20055380C /* WeatherError.swift */ = {isa = PBXFileReference; lastKnownFileType = sourcecode.swift; path = WeatherError.swift; sourceTree = "<group>"; };
		F2BF0A4B246FE2260055380C /* APIResponseError.swift */ = {isa = PBXFileReference; lastKnownFileType = sourcecode.swift; path = APIResponseError.swift; sourceTree = "<group>"; };
		F2BF0A4D246FF0A70055380C /* DayForecastData.swift */ = {isa = PBXFileReference; lastKnownFileType = sourcecode.swift; path = DayForecastData.swift; sourceTree = "<group>"; };
		F2DC8E9F246DAE0C00F6C9B3 /* APIService.swift */ = {isa = PBXFileReference; lastKnownFileType = sourcecode.swift; path = APIService.swift; sourceTree = "<group>"; };
		F2DC8EA1246DB76400F6C9B3 /* APIRoutes.swift */ = {isa = PBXFileReference; lastKnownFileType = sourcecode.swift; path = APIRoutes.swift; sourceTree = "<group>"; };
		F2DC8EA4246DBDED00F6C9B3 /* MockURLSession.swift */ = {isa = PBXFileReference; lastKnownFileType = sourcecode.swift; path = MockURLSession.swift; sourceTree = "<group>"; };
		F2DC8EA6246DC67800F6C9B3 /* MockURLSessionDataTask.swift */ = {isa = PBXFileReference; lastKnownFileType = sourcecode.swift; path = MockURLSessionDataTask.swift; sourceTree = "<group>"; };
/* End PBXFileReference section */

/* Begin PBXFrameworksBuildPhase section */
		F2A15730246D88BC0014E03D /* Frameworks */ = {
			isa = PBXFrameworksBuildPhase;
			buildActionMask = 2147483647;
			files = (
			);
			runOnlyForDeploymentPostprocessing = 0;
		};
		F2A15746246D88BE0014E03D /* Frameworks */ = {
			isa = PBXFrameworksBuildPhase;
			buildActionMask = 2147483647;
			files = (
			);
			runOnlyForDeploymentPostprocessing = 0;
		};
/* End PBXFrameworksBuildPhase section */

/* Begin PBXGroup section */
		F2A1572A246D88BC0014E03D = {
			isa = PBXGroup;
			children = (
				F2A15735246D88BC0014E03D /* Weather */,
				F2A1574C246D88BE0014E03D /* WeatherTests */,
				F2A15734246D88BC0014E03D /* Products */,
			);
			sourceTree = "<group>";
		};
		F2A15734246D88BC0014E03D /* Products */ = {
			isa = PBXGroup;
			children = (
				F2A15733246D88BC0014E03D /* Weather.app */,
				F2A15749246D88BE0014E03D /* WeatherTests.xctest */,
			);
			name = Products;
			sourceTree = "<group>";
		};
		F2A15735246D88BC0014E03D /* Weather */ = {
			isa = PBXGroup;
			children = (
				F2BF0A46246FDD970055380C /* Helpers */,
				F2BF0A43246FDBC70055380C /* Models */,
				F2DC8E9E246DADF000F6C9B3 /* Services */,
				F2A15736246D88BC0014E03D /* AppDelegate.swift */,
				F2A15738246D88BC0014E03D /* SceneDelegate.swift */,
				F2A1573A246D88BC0014E03D /* ViewController.swift */,
				F2A1573C246D88BC0014E03D /* Main.storyboard */,
				F2A1573F246D88BE0014E03D /* Assets.xcassets */,
				F2A15741246D88BE0014E03D /* LaunchScreen.storyboard */,
				F2A15744246D88BE0014E03D /* Info.plist */,
			);
			path = Weather;
			sourceTree = "<group>";
		};
		F2A1574C246D88BE0014E03D /* WeatherTests */ = {
			isa = PBXGroup;
			children = (
				F2DC8EA3246DBDCF00F6C9B3 /* Mocks */,
				F2A1574D246D88BE0014E03D /* WeatherTests.swift */,
				F2A1574F246D88BE0014E03D /* Info.plist */,
			);
			path = WeatherTests;
			sourceTree = "<group>";
		};
		F2BF0A43246FDBC70055380C /* Models */ = {
			isa = PBXGroup;
			children = (
				F2BF0A44246FDBD80055380C /* CurrentWeatherData.swift */,
				F2BF0A49246FE0F20055380C /* WeatherError.swift */,
				F2BF0A4D246FF0A70055380C /* DayForecastData.swift */,
			);
			path = Models;
			sourceTree = "<group>";
		};
		F2BF0A46246FDD970055380C /* Helpers */ = {
			isa = PBXGroup;
			children = (
				F2BF0A47246FDDAC0055380C /* ResponseHelper.swift */,
				F2BF0A4B246FE2260055380C /* APIResponseError.swift */,
			);
			path = Helpers;
			sourceTree = "<group>";
		};
		F2DC8E9E246DADF000F6C9B3 /* Services */ = {
			isa = PBXGroup;
			children = (
				F2DC8E9F246DAE0C00F6C9B3 /* APIService.swift */,
				F2DC8EA1246DB76400F6C9B3 /* APIRoutes.swift */,
				F2BF0A41246FD98A0055380C /* WeatherAPIService.swift */,
			);
			path = Services;
			sourceTree = "<group>";
		};
		F2DC8EA3246DBDCF00F6C9B3 /* Mocks */ = {
			isa = PBXGroup;
			children = (
				F2DC8EA4246DBDED00F6C9B3 /* MockURLSession.swift */,
				F2DC8EA6246DC67800F6C9B3 /* MockURLSessionDataTask.swift */,
			);
			path = Mocks;
			sourceTree = "<group>";
		};
/* End PBXGroup section */

/* Begin PBXNativeTarget section */
		F2A15732246D88BC0014E03D /* Weather */ = {
			isa = PBXNativeTarget;
			buildConfigurationList = F2A15752246D88BE0014E03D /* Build configuration list for PBXNativeTarget "Weather" */;
			buildPhases = (
				F2A1572F246D88BC0014E03D /* Sources */,
				F2A15730246D88BC0014E03D /* Frameworks */,
				F2A15731246D88BC0014E03D /* Resources */,
			);
			buildRules = (
			);
			dependencies = (
			);
			name = Weather;
			productName = Weather;
			productReference = F2A15733246D88BC0014E03D /* Weather.app */;
			productType = "com.apple.product-type.application";
		};
		F2A15748246D88BE0014E03D /* WeatherTests */ = {
			isa = PBXNativeTarget;
			buildConfigurationList = F2A15755246D88BE0014E03D /* Build configuration list for PBXNativeTarget "WeatherTests" */;
			buildPhases = (
				F2A15745246D88BE0014E03D /* Sources */,
				F2A15746246D88BE0014E03D /* Frameworks */,
				F2A15747246D88BE0014E03D /* Resources */,
			);
			buildRules = (
			);
			dependencies = (
				F2A1574B246D88BE0014E03D /* PBXTargetDependency */,
			);
			name = WeatherTests;
			productName = WeatherTests;
			productReference = F2A15749246D88BE0014E03D /* WeatherTests.xctest */;
			productType = "com.apple.product-type.bundle.unit-test";
		};
/* End PBXNativeTarget section */

/* Begin PBXProject section */
		F2A1572B246D88BC0014E03D /* Project object */ = {
			isa = PBXProject;
			attributes = {
				LastSwiftUpdateCheck = 1140;
				LastUpgradeCheck = 1140;
				ORGANIZATIONNAME = "Alastair Hendricks";
				TargetAttributes = {
					F2A15732246D88BC0014E03D = {
						CreatedOnToolsVersion = 11.4.1;
					};
					F2A15748246D88BE0014E03D = {
						CreatedOnToolsVersion = 11.4.1;
						TestTargetID = F2A15732246D88BC0014E03D;
					};
				};
			};
			buildConfigurationList = F2A1572E246D88BC0014E03D /* Build configuration list for PBXProject "Weather" */;
			compatibilityVersion = "Xcode 9.3";
			developmentRegion = en;
			hasScannedForEncodings = 0;
			knownRegions = (
				en,
				Base,
			);
			mainGroup = F2A1572A246D88BC0014E03D;
			productRefGroup = F2A15734246D88BC0014E03D /* Products */;
			projectDirPath = "";
			projectRoot = "";
			targets = (
				F2A15732246D88BC0014E03D /* Weather */,
				F2A15748246D88BE0014E03D /* WeatherTests */,
			);
		};
/* End PBXProject section */

/* Begin PBXResourcesBuildPhase section */
		F2A15731246D88BC0014E03D /* Resources */ = {
			isa = PBXResourcesBuildPhase;
			buildActionMask = 2147483647;
			files = (
				F2A15743246D88BE0014E03D /* LaunchScreen.storyboard in Resources */,
				F2A15740246D88BE0014E03D /* Assets.xcassets in Resources */,
				F2A1573E246D88BC0014E03D /* Main.storyboard in Resources */,
			);
			runOnlyForDeploymentPostprocessing = 0;
		};
		F2A15747246D88BE0014E03D /* Resources */ = {
			isa = PBXResourcesBuildPhase;
			buildActionMask = 2147483647;
			files = (
			);
			runOnlyForDeploymentPostprocessing = 0;
		};
/* End PBXResourcesBuildPhase section */

/* Begin PBXSourcesBuildPhase section */
		F2A1572F246D88BC0014E03D /* Sources */ = {
			isa = PBXSourcesBuildPhase;
			buildActionMask = 2147483647;
			files = (
				F2BF0A4C246FE2260055380C /* APIResponseError.swift in Sources */,
				F2BF0A45246FDBD80055380C /* CurrentWeatherData.swift in Sources */,
				F2A1573B246D88BC0014E03D /* ViewController.swift in Sources */,
				F2DC8EA2246DB76400F6C9B3 /* APIRoutes.swift in Sources */,
				F2A15737246D88BC0014E03D /* AppDelegate.swift in Sources */,
				F2BF0A42246FD98A0055380C /* WeatherAPIService.swift in Sources */,
				F2DC8EA0246DAE0C00F6C9B3 /* APIService.swift in Sources */,
				F2BF0A48246FDDAC0055380C /* ResponseHelper.swift in Sources */,
				F2BF0A4A246FE0F20055380C /* WeatherError.swift in Sources */,
				F2A15739246D88BC0014E03D /* SceneDelegate.swift in Sources */,
				F2BF0A4E246FF0A70055380C /* DayForecastData.swift in Sources */,
			);
			runOnlyForDeploymentPostprocessing = 0;
		};
		F2A15745246D88BE0014E03D /* Sources */ = {
			isa = PBXSourcesBuildPhase;
			buildActionMask = 2147483647;
			files = (
				F2DC8EA5246DBDED00F6C9B3 /* MockURLSession.swift in Sources */,
				F2DC8EA7246DC67800F6C9B3 /* MockURLSessionDataTask.swift in Sources */,
				F2A1574E246D88BE0014E03D /* WeatherTests.swift in Sources */,
			);
			runOnlyForDeploymentPostprocessing = 0;
		};
/* End PBXSourcesBuildPhase section */

/* Begin PBXTargetDependency section */
		F2A1574B246D88BE0014E03D /* PBXTargetDependency */ = {
			isa = PBXTargetDependency;
			target = F2A15732246D88BC0014E03D /* Weather */;
			targetProxy = F2A1574A246D88BE0014E03D /* PBXContainerItemProxy */;
		};
/* End PBXTargetDependency section */

/* Begin PBXVariantGroup section */
		F2A1573C246D88BC0014E03D /* Main.storyboard */ = {
			isa = PBXVariantGroup;
			children = (
				F2A1573D246D88BC0014E03D /* Base */,
			);
			name = Main.storyboard;
			sourceTree = "<group>";
		};
		F2A15741246D88BE0014E03D /* LaunchScreen.storyboard */ = {
			isa = PBXVariantGroup;
			children = (
				F2A15742246D88BE0014E03D /* Base */,
			);
			name = LaunchScreen.storyboard;
			sourceTree = "<group>";
		};
/* End PBXVariantGroup section */

/* Begin XCBuildConfiguration section */
		F2A15750246D88BE0014E03D /* Debug */ = {
			isa = XCBuildConfiguration;
			buildSettings = {
				ALWAYS_SEARCH_USER_PATHS = NO;
				CLANG_ANALYZER_NONNULL = YES;
				CLANG_ANALYZER_NUMBER_OBJECT_CONVERSION = YES_AGGRESSIVE;
				CLANG_CXX_LANGUAGE_STANDARD = "gnu++14";
				CLANG_CXX_LIBRARY = "libc++";
				CLANG_ENABLE_MODULES = YES;
				CLANG_ENABLE_OBJC_ARC = YES;
				CLANG_ENABLE_OBJC_WEAK = YES;
				CLANG_WARN_BLOCK_CAPTURE_AUTORELEASING = YES;
				CLANG_WARN_BOOL_CONVERSION = YES;
				CLANG_WARN_COMMA = YES;
				CLANG_WARN_CONSTANT_CONVERSION = YES;
				CLANG_WARN_DEPRECATED_OBJC_IMPLEMENTATIONS = YES;
				CLANG_WARN_DIRECT_OBJC_ISA_USAGE = YES_ERROR;
				CLANG_WARN_DOCUMENTATION_COMMENTS = YES;
				CLANG_WARN_EMPTY_BODY = YES;
				CLANG_WARN_ENUM_CONVERSION = YES;
				CLANG_WARN_INFINITE_RECURSION = YES;
				CLANG_WARN_INT_CONVERSION = YES;
				CLANG_WARN_NON_LITERAL_NULL_CONVERSION = YES;
				CLANG_WARN_OBJC_IMPLICIT_RETAIN_SELF = YES;
				CLANG_WARN_OBJC_LITERAL_CONVERSION = YES;
				CLANG_WARN_OBJC_ROOT_CLASS = YES_ERROR;
				CLANG_WARN_RANGE_LOOP_ANALYSIS = YES;
				CLANG_WARN_STRICT_PROTOTYPES = YES;
				CLANG_WARN_SUSPICIOUS_MOVE = YES;
				CLANG_WARN_UNGUARDED_AVAILABILITY = YES_AGGRESSIVE;
				CLANG_WARN_UNREACHABLE_CODE = YES;
				CLANG_WARN__DUPLICATE_METHOD_MATCH = YES;
				COPY_PHASE_STRIP = NO;
				DEBUG_INFORMATION_FORMAT = dwarf;
				ENABLE_STRICT_OBJC_MSGSEND = YES;
				ENABLE_TESTABILITY = YES;
				GCC_C_LANGUAGE_STANDARD = gnu11;
				GCC_DYNAMIC_NO_PIC = NO;
				GCC_NO_COMMON_BLOCKS = YES;
				GCC_OPTIMIZATION_LEVEL = 0;
				GCC_PREPROCESSOR_DEFINITIONS = (
					"DEBUG=1",
					"$(inherited)",
				);
				GCC_WARN_64_TO_32_BIT_CONVERSION = YES;
				GCC_WARN_ABOUT_RETURN_TYPE = YES_ERROR;
				GCC_WARN_UNDECLARED_SELECTOR = YES;
				GCC_WARN_UNINITIALIZED_AUTOS = YES_AGGRESSIVE;
				GCC_WARN_UNUSED_FUNCTION = YES;
				GCC_WARN_UNUSED_VARIABLE = YES;
				IPHONEOS_DEPLOYMENT_TARGET = 13.0;
				MTL_ENABLE_DEBUG_INFO = INCLUDE_SOURCE;
				MTL_FAST_MATH = YES;
				ONLY_ACTIVE_ARCH = YES;
				SDKROOT = iphoneos;
				SWIFT_ACTIVE_COMPILATION_CONDITIONS = DEBUG;
				SWIFT_OPTIMIZATION_LEVEL = "-Onone";
			};
			name = Debug;
		};
		F2A15751246D88BE0014E03D /* Release */ = {
			isa = XCBuildConfiguration;
			buildSettings = {
				ALWAYS_SEARCH_USER_PATHS = NO;
				CLANG_ANALYZER_NONNULL = YES;
				CLANG_ANALYZER_NUMBER_OBJECT_CONVERSION = YES_AGGRESSIVE;
				CLANG_CXX_LANGUAGE_STANDARD = "gnu++14";
				CLANG_CXX_LIBRARY = "libc++";
				CLANG_ENABLE_MODULES = YES;
				CLANG_ENABLE_OBJC_ARC = YES;
				CLANG_ENABLE_OBJC_WEAK = YES;
				CLANG_WARN_BLOCK_CAPTURE_AUTORELEASING = YES;
				CLANG_WARN_BOOL_CONVERSION = YES;
				CLANG_WARN_COMMA = YES;
				CLANG_WARN_CONSTANT_CONVERSION = YES;
				CLANG_WARN_DEPRECATED_OBJC_IMPLEMENTATIONS = YES;
				CLANG_WARN_DIRECT_OBJC_ISA_USAGE = YES_ERROR;
				CLANG_WARN_DOCUMENTATION_COMMENTS = YES;
				CLANG_WARN_EMPTY_BODY = YES;
				CLANG_WARN_ENUM_CONVERSION = YES;
				CLANG_WARN_INFINITE_RECURSION = YES;
				CLANG_WARN_INT_CONVERSION = YES;
				CLANG_WARN_NON_LITERAL_NULL_CONVERSION = YES;
				CLANG_WARN_OBJC_IMPLICIT_RETAIN_SELF = YES;
				CLANG_WARN_OBJC_LITERAL_CONVERSION = YES;
				CLANG_WARN_OBJC_ROOT_CLASS = YES_ERROR;
				CLANG_WARN_RANGE_LOOP_ANALYSIS = YES;
				CLANG_WARN_STRICT_PROTOTYPES = YES;
				CLANG_WARN_SUSPICIOUS_MOVE = YES;
				CLANG_WARN_UNGUARDED_AVAILABILITY = YES_AGGRESSIVE;
				CLANG_WARN_UNREACHABLE_CODE = YES;
				CLANG_WARN__DUPLICATE_METHOD_MATCH = YES;
				COPY_PHASE_STRIP = NO;
				DEBUG_INFORMATION_FORMAT = "dwarf-with-dsym";
				ENABLE_NS_ASSERTIONS = NO;
				ENABLE_STRICT_OBJC_MSGSEND = YES;
				GCC_C_LANGUAGE_STANDARD = gnu11;
				GCC_NO_COMMON_BLOCKS = YES;
				GCC_WARN_64_TO_32_BIT_CONVERSION = YES;
				GCC_WARN_ABOUT_RETURN_TYPE = YES_ERROR;
				GCC_WARN_UNDECLARED_SELECTOR = YES;
				GCC_WARN_UNINITIALIZED_AUTOS = YES_AGGRESSIVE;
				GCC_WARN_UNUSED_FUNCTION = YES;
				GCC_WARN_UNUSED_VARIABLE = YES;
				IPHONEOS_DEPLOYMENT_TARGET = 13.0;
				MTL_ENABLE_DEBUG_INFO = NO;
				MTL_FAST_MATH = YES;
				SDKROOT = iphoneos;
				SWIFT_COMPILATION_MODE = wholemodule;
				SWIFT_OPTIMIZATION_LEVEL = "-O";
				VALIDATE_PRODUCT = YES;
			};
			name = Release;
		};
		F2A15753246D88BE0014E03D /* Debug */ = {
			isa = XCBuildConfiguration;
			buildSettings = {
				ASSETCATALOG_COMPILER_APPICON_NAME = AppIcon;
				CODE_SIGN_STYLE = Automatic;
				DEVELOPMENT_TEAM = "";
				INFOPLIST_FILE = Weather/Info.plist;
				IPHONEOS_DEPLOYMENT_TARGET = 13.0;
				LD_RUNPATH_SEARCH_PATHS = (
					"$(inherited)",
					"@executable_path/Frameworks",
				);
				PRODUCT_BUNDLE_IDENTIFIER = xyz.alihen.Weather;
				PRODUCT_NAME = "$(TARGET_NAME)";
				SWIFT_VERSION = 5.0;
				TARGETED_DEVICE_FAMILY = 1;
			};
			name = Debug;
		};
		F2A15754246D88BE0014E03D /* Release */ = {
			isa = XCBuildConfiguration;
			buildSettings = {
				ASSETCATALOG_COMPILER_APPICON_NAME = AppIcon;
				CODE_SIGN_STYLE = Automatic;
				DEVELOPMENT_TEAM = "";
				INFOPLIST_FILE = Weather/Info.plist;
				IPHONEOS_DEPLOYMENT_TARGET = 13.0;
				LD_RUNPATH_SEARCH_PATHS = (
					"$(inherited)",
					"@executable_path/Frameworks",
				);
				PRODUCT_BUNDLE_IDENTIFIER = xyz.alihen.Weather;
				PRODUCT_NAME = "$(TARGET_NAME)";
				SWIFT_VERSION = 5.0;
				TARGETED_DEVICE_FAMILY = 1;
			};
			name = Release;
		};
		F2A15756246D88BE0014E03D /* Debug */ = {
			isa = XCBuildConfiguration;
			buildSettings = {
				ALWAYS_EMBED_SWIFT_STANDARD_LIBRARIES = YES;
				BUNDLE_LOADER = "$(TEST_HOST)";
				CODE_SIGN_STYLE = Automatic;
				DEVELOPMENT_TEAM = "";
				INFOPLIST_FILE = WeatherTests/Info.plist;
				IPHONEOS_DEPLOYMENT_TARGET = 13.4;
				LD_RUNPATH_SEARCH_PATHS = (
					"$(inherited)",
					"@executable_path/Frameworks",
					"@loader_path/Frameworks",
				);
				PRODUCT_BUNDLE_IDENTIFIER = xyz.alihen.WeatherTests;
				PRODUCT_NAME = "$(TARGET_NAME)";
				SWIFT_VERSION = 5.0;
				TARGETED_DEVICE_FAMILY = "1,2";
				TEST_HOST = "$(BUILT_PRODUCTS_DIR)/Weather.app/Weather";
			};
			name = Debug;
		};
		F2A15757246D88BE0014E03D /* Release */ = {
			isa = XCBuildConfiguration;
			buildSettings = {
				ALWAYS_EMBED_SWIFT_STANDARD_LIBRARIES = YES;
				BUNDLE_LOADER = "$(TEST_HOST)";
				CODE_SIGN_STYLE = Automatic;
				DEVELOPMENT_TEAM = "";
				INFOPLIST_FILE = WeatherTests/Info.plist;
				IPHONEOS_DEPLOYMENT_TARGET = 13.4;
				LD_RUNPATH_SEARCH_PATHS = (
					"$(inherited)",
					"@executable_path/Frameworks",
					"@loader_path/Frameworks",
				);
				PRODUCT_BUNDLE_IDENTIFIER = xyz.alihen.WeatherTests;
				PRODUCT_NAME = "$(TARGET_NAME)";
				SWIFT_VERSION = 5.0;
				TARGETED_DEVICE_FAMILY = "1,2";
				TEST_HOST = "$(BUILT_PRODUCTS_DIR)/Weather.app/Weather";
			};
			name = Release;
		};
/* End XCBuildConfiguration section */

/* Begin XCConfigurationList section */
		F2A1572E246D88BC0014E03D /* Build configuration list for PBXProject "Weather" */ = {
			isa = XCConfigurationList;
			buildConfigurations = (
				F2A15750246D88BE0014E03D /* Debug */,
				F2A15751246D88BE0014E03D /* Release */,
			);
			defaultConfigurationIsVisible = 0;
			defaultConfigurationName = Release;
		};
		F2A15752246D88BE0014E03D /* Build configuration list for PBXNativeTarget "Weather" */ = {
			isa = XCConfigurationList;
			buildConfigurations = (
				F2A15753246D88BE0014E03D /* Debug */,
				F2A15754246D88BE0014E03D /* Release */,
			);
			defaultConfigurationIsVisible = 0;
			defaultConfigurationName = Release;
		};
		F2A15755246D88BE0014E03D /* Build configuration list for PBXNativeTarget "WeatherTests" */ = {
			isa = XCConfigurationList;
			buildConfigurations = (
				F2A15756246D88BE0014E03D /* Debug */,
				F2A15757246D88BE0014E03D /* Release */,
			);
			defaultConfigurationIsVisible = 0;
			defaultConfigurationName = Release;
		};
/* End XCConfigurationList section */
	};
	rootObject = F2A1572B246D88BC0014E03D /* Project object */;
}
